
Microsoft Visual Studio Solution File, Format Version 12.00
# Visual Studio Version 17
VisualStudioVersion = 17.4.33213.308
MinimumVisualStudioVersion = 10.0.40219.1
Project("{2150E333-8FDC-42A3-9474-1A3956D46DE8}") = "MvvmDemoApp.WPF", "MvvmDemoApp.WPF", "{CAE97083-BBE5-408C-8C3E-049AF1D88DFA}"
EndProject
Project("{2150E333-8FDC-42A3-9474-1A3956D46DE8}") = "MvvmDemoApp.Shared", "MvvmDemoApp.Shared", "{CFE565A4-DA40-4016-915C-4A85EC665FDE}"
EndProject
Project("{2150E333-8FDC-42A3-9474-1A3956D46DE8}") = "MvvmDemoApp.UWP", "MvvmDemoApp.UWP", "{27137ADA-FE8C-413F-9A6C-FDBD87F2F371}"
EndProject
Project("{FAE04EC0-301F-11D3-BF4B-00C04F79EFBC}") = "MvvmDemoApp.WPF", "MvvmDemoApp.WPF\MvvmDemoApp.WPF.csproj", "{A1AD9AD2-2C7D-4897-B625-1D745724AFB1}"
EndProject
Project("{FAE04EC0-301F-11D3-BF4B-00C04F79EFBC}") = "MvvmDemoApp.UWP", "MvvmDemoApp.UWP\MvvmDemoApp.UWP.csproj", "{3B7ED8DE-B6D7-4250-B772-D6CD1078A370}"
EndProject
Project("{FAE04EC0-301F-11D3-BF4B-00C04F79EFBC}") = "MvvmDemoApp.Shared.BL", "MvvmDemoApp.Shared.BL\MvvmDemoApp.Shared.BL.csproj", "{E9697DD4-0822-4509-8709-8ECFD555DE72}"
EndProject
Project("{FAE04EC0-301F-11D3-BF4B-00C04F79EFBC}") = "MvvmDemoApp.Shared.Models", "MvvmDemoApp.Shared.Models\MvvmDemoApp.Shared.Models.csproj", "{D300736A-AD18-4081-852F-4D0BFEF47EE5}"
EndProject
Project("{FAE04EC0-301F-11D3-BF4B-00C04F79EFBC}") = "MvvmDemoApp.Shared.VM", "MvvmDemoApp.Shared.VM\MvvmDemoApp.Shared.VM.csproj", "{76056F30-03F0-47A7-8102-4E250CA9F90F}"
EndProject
Global
	GlobalSection(SolutionConfigurationPlatforms) = preSolution
		Debug|Any CPU = Debug|Any CPU
		Debug|ARM = Debug|ARM
		Debug|ARM64 = Debug|ARM64
		Debug|x64 = Debug|x64
		Debug|x86 = Debug|x86
		Release|Any CPU = Release|Any CPU
		Release|ARM = Release|ARM
		Release|ARM64 = Release|ARM64
		Release|x64 = Release|x64
		Release|x86 = Release|x86
	EndGlobalSection
	GlobalSection(ProjectConfigurationPlatforms) = postSolution
		{A1AD9AD2-2C7D-4897-B625-1D745724AFB1}.Debug|Any CPU.ActiveCfg = Debug|Any CPU
		{A1AD9AD2-2C7D-4897-B625-1D745724AFB1}.Debug|Any CPU.Build.0 = Debug|Any CPU
		{A1AD9AD2-2C7D-4897-B625-1D745724AFB1}.Debug|ARM.ActiveCfg = Debug|Any CPU
		{A1AD9AD2-2C7D-4897-B625-1D745724AFB1}.Debug|ARM.Build.0 = Debug|Any CPU
		{A1AD9AD2-2C7D-4897-B625-1D745724AFB1}.Debug|ARM64.ActiveCfg = Debug|Any CPU
		{A1AD9AD2-2C7D-4897-B625-1D745724AFB1}.Debug|ARM64.Build.0 = Debug|Any CPU
		{A1AD9AD2-2C7D-4897-B625-1D745724AFB1}.Debug|x64.ActiveCfg = Debug|Any CPU
		{A1AD9AD2-2C7D-4897-B625-1D745724AFB1}.Debug|x64.Build.0 = Debug|Any CPU
		{A1AD9AD2-2C7D-4897-B625-1D745724AFB1}.Debug|x86.ActiveCfg = Debug|Any CPU
		{A1AD9AD2-2C7D-4897-B625-1D745724AFB1}.Debug|x86.Build.0 = Debug|Any CPU
		{A1AD9AD2-2C7D-4897-B625-1D745724AFB1}.Release|Any CPU.ActiveCfg = Release|Any CPU
		{A1AD9AD2-2C7D-4897-B625-1D745724AFB1}.Release|Any CPU.Build.0 = Release|Any CPU
		{A1AD9AD2-2C7D-4897-B625-1D745724AFB1}.Release|ARM.ActiveCfg = Release|Any CPU
		{A1AD9AD2-2C7D-4897-B625-1D745724AFB1}.Release|ARM.Build.0 = Release|Any CPU
		{A1AD9AD2-2C7D-4897-B625-1D745724AFB1}.Release|ARM64.ActiveCfg = Release|Any CPU
		{A1AD9AD2-2C7D-4897-B625-1D745724AFB1}.Release|ARM64.Build.0 = Release|Any CPU
		{A1AD9AD2-2C7D-4897-B625-1D745724AFB1}.Release|x64.ActiveCfg = Release|Any CPU
		{A1AD9AD2-2C7D-4897-B625-1D745724AFB1}.Release|x64.Build.0 = Release|Any CPU
		{A1AD9AD2-2C7D-4897-B625-1D745724AFB1}.Release|x86.ActiveCfg = Release|Any CPU
		{A1AD9AD2-2C7D-4897-B625-1D745724AFB1}.Release|x86.Build.0 = Release|Any CPU
		{3B7ED8DE-B6D7-4250-B772-D6CD1078A370}.Debug|Any CPU.ActiveCfg = Debug|x64
		{3B7ED8DE-B6D7-4250-B772-D6CD1078A370}.Debug|Any CPU.Build.0 = Debug|x64
		{3B7ED8DE-B6D7-4250-B772-D6CD1078A370}.Debug|Any CPU.Deploy.0 = Debug|x64
		{3B7ED8DE-B6D7-4250-B772-D6CD1078A370}.Debug|ARM.ActiveCfg = Debug|ARM
		{3B7ED8DE-B6D7-4250-B772-D6CD1078A370}.Debug|ARM.Build.0 = Debug|ARM
		{3B7ED8DE-B6D7-4250-B772-D6CD1078A370}.Debug|ARM.Deploy.0 = Debug|ARM
		{3B7ED8DE-B6D7-4250-B772-D6CD1078A370}.Debug|ARM64.ActiveCfg = Debug|ARM64
		{3B7ED8DE-B6D7-4250-B772-D6CD1078A370}.Debug|ARM64.Build.0 = Debug|ARM64
		{3B7ED8DE-B6D7-4250-B772-D6CD1078A370}.Debug|ARM64.Deploy.0 = Debug|ARM64
		{3B7ED8DE-B6D7-4250-B772-D6CD1078A370}.Debug|x64.ActiveCfg = Debug|x64
		{3B7ED8DE-B6D7-4250-B772-D6CD1078A370}.Debug|x64.Build.0 = Debug|x64
		{3B7ED8DE-B6D7-4250-B772-D6CD1078A370}.Debug|x64.Deploy.0 = Debug|x64
		{3B7ED8DE-B6D7-4250-B772-D6CD1078A370}.Debug|x86.ActiveCfg = Debug|x86
		{3B7ED8DE-B6D7-4250-B772-D6CD1078A370}.Debug|x86.Build.0 = Debug|x86
		{3B7ED8DE-B6D7-4250-B772-D6CD1078A370}.Debug|x86.Deploy.0 = Debug|x86
		{3B7ED8DE-B6D7-4250-B772-D6CD1078A370}.Release|Any CPU.ActiveCfg = Release|x64
		{3B7ED8DE-B6D7-4250-B772-D6CD1078A370}.Release|Any CPU.Build.0 = Release|x64
		{3B7ED8DE-B6D7-4250-B772-D6CD1078A370}.Release|Any CPU.Deploy.0 = Release|x64
		{3B7ED8DE-B6D7-4250-B772-D6CD1078A370}.Release|ARM.ActiveCfg = Release|ARM
		{3B7ED8DE-B6D7-4250-B772-D6CD1078A370}.Release|ARM.Build.0 = Release|ARM
		{3B7ED8DE-B6D7-4250-B772-D6CD1078A370}.Release|ARM.Deploy.0 = Release|ARM
		{3B7ED8DE-B6D7-4250-B772-D6CD1078A370}.Release|ARM64.ActiveCfg = Release|ARM64
		{3B7ED8DE-B6D7-4250-B772-D6CD1078A370}.Release|ARM64.Build.0 = Release|ARM64
		{3B7ED8DE-B6D7-4250-B772-D6CD1078A370}.Release|ARM64.Deploy.0 = Release|ARM64
		{3B7ED8DE-B6D7-4250-B772-D6CD1078A370}.Release|x64.ActiveCfg = Release|x64
		{3B7ED8DE-B6D7-4250-B772-D6CD1078A370}.Release|x64.Build.0 = Release|x64
		{3B7ED8DE-B6D7-4250-B772-D6CD1078A370}.Release|x64.Deploy.0 = Release|x64
		{3B7ED8DE-B6D7-4250-B772-D6CD1078A370}.Release|x86.ActiveCfg = Release|x86
		{3B7ED8DE-B6D7-4250-B772-D6CD1078A370}.Release|x86.Build.0 = Release|x86
		{3B7ED8DE-B6D7-4250-B772-D6CD1078A370}.Release|x86.Deploy.0 = Release|x86
		{E9697DD4-0822-4509-8709-8ECFD555DE72}.Debug|Any CPU.ActiveCfg = Debug|Any CPU
		{E9697DD4-0822-4509-8709-8ECFD555DE72}.Debug|Any CPU.Build.0 = Debug|Any CPU
		{E9697DD4-0822-4509-8709-8ECFD555DE72}.Debug|ARM.ActiveCfg = Debug|Any CPU
		{E9697DD4-0822-4509-8709-8ECFD555DE72}.Debug|ARM.Build.0 = Debug|Any CPU
		{E9697DD4-0822-4509-8709-8ECFD555DE72}.Debug|ARM64.ActiveCfg = Debug|Any CPU
		{E9697DD4-0822-4509-8709-8ECFD555DE72}.Debug|ARM64.Build.0 = Debug|Any CPU
		{E9697DD4-0822-4509-8709-8ECFD555DE72}.Debug|x64.ActiveCfg = Debug|Any CPU
		{E9697DD4-0822-4509-8709-8ECFD555DE72}.Debug|x64.Build.0 = Debug|Any CPU
		{E9697DD4-0822-4509-8709-8ECFD555DE72}.Debug|x86.ActiveCfg = Debug|Any CPU
		{E9697DD4-0822-4509-8709-8ECFD555DE72}.Debug|x86.Build.0 = Debug|Any CPU
		{E9697DD4-0822-4509-8709-8ECFD555DE72}.Release|Any CPU.ActiveCfg = Release|Any CPU
		{E9697DD4-0822-4509-8709-8ECFD555DE72}.Release|Any CPU.Build.0 = Release|Any CPU
		{E9697DD4-0822-4509-8709-8ECFD555DE72}.Release|ARM.ActiveCfg = Release|Any CPU
		{E9697DD4-0822-4509-8709-8ECFD555DE72}.Release|ARM.Build.0 = Release|Any CPU
		{E9697DD4-0822-4509-8709-8ECFD555DE72}.Release|ARM64.ActiveCfg = Release|Any CPU
		{E9697DD4-0822-4509-8709-8ECFD555DE72}.Release|ARM64.Build.0 = Release|Any CPU
		{E9697DD4-0822-4509-8709-8ECFD555DE72}.Release|x64.ActiveCfg = Release|Any CPU
		{E9697DD4-0822-4509-8709-8ECFD555DE72}.Release|x64.Build.0 = Release|Any CPU
		{E9697DD4-0822-4509-8709-8ECFD555DE72}.Release|x86.ActiveCfg = Release|Any CPU
		{E9697DD4-0822-4509-8709-8ECFD555DE72}.Release|x86.Build.0 = Release|Any CPU
		{D300736A-AD18-4081-852F-4D0BFEF47EE5}.Debug|Any CPU.ActiveCfg = Debug|Any CPU
		{D300736A-AD18-4081-852F-4D0BFEF47EE5}.Debug|Any CPU.Build.0 = Debug|Any CPU
		{D300736A-AD18-4081-852F-4D0BFEF47EE5}.Debug|ARM.ActiveCfg = Debug|Any CPU
		{D300736A-AD18-4081-852F-4D0BFEF47EE5}.Debug|ARM.Build.0 = Debug|Any CPU
		{D300736A-AD18-4081-852F-4D0BFEF47EE5}.Debug|ARM64.ActiveCfg = Debug|Any CPU
		{D300736A-AD18-4081-852F-4D0BFEF47EE5}.Debug|ARM64.Build.0 = Debug|Any CPU
		{D300736A-AD18-4081-852F-4D0BFEF47EE5}.Debug|x64.ActiveCfg = Debug|Any CPU
		{D300736A-AD18-4081-852F-4D0BFEF47EE5}.Debug|x64.Build.0 = Debug|Any CPU
		{D300736A-AD18-4081-852F-4D0BFEF47EE5}.Debug|x86.ActiveCfg = Debug|Any CPU
		{D300736A-AD18-4081-852F-4D0BFEF47EE5}.Debug|x86.Build.0 = Debug|Any CPU
		{D300736A-AD18-4081-852F-4D0BFEF47EE5}.Release|Any CPU.ActiveCfg = Release|Any CPU
		{D300736A-AD18-4081-852F-4D0BFEF47EE5}.Release|Any CPU.Build.0 = Release|Any CPU
		{D300736A-AD18-4081-852F-4D0BFEF47EE5}.Release|ARM.ActiveCfg = Release|Any CPU
		{D300736A-AD18-4081-852F-4D0BFEF47EE5}.Release|ARM.Build.0 = Release|Any CPU
		{D300736A-AD18-4081-852F-4D0BFEF47EE5}.Release|ARM64.ActiveCfg = Release|Any CPU
		{D300736A-AD18-4081-852F-4D0BFEF47EE5}.Release|ARM64.Build.0 = Release|Any CPU
		{D300736A-AD18-4081-852F-4D0BFEF47EE5}.Release|x64.ActiveCfg = Release|Any CPU
		{D300736A-AD18-4081-852F-4D0BFEF47EE5}.Release|x64.Build.0 = Release|Any CPU
		{D300736A-AD18-4081-852F-4D0BFEF47EE5}.Release|x86.ActiveCfg = Release|Any CPU
		{D300736A-AD18-4081-852F-4D0BFEF47EE5}.Release|x86.Build.0 = Release|Any CPU
		{76056F30-03F0-47A7-8102-4E250CA9F90F}.Debug|Any CPU.ActiveCfg = Debug|Any CPU
		{76056F30-03F0-47A7-8102-4E250CA9F90F}.Debug|Any CPU.Build.0 = Debug|Any CPU
		{76056F30-03F0-47A7-8102-4E250CA9F90F}.Debug|ARM.ActiveCfg = Debug|Any CPU
		{76056F30-03F0-47A7-8102-4E250CA9F90F}.Debug|ARM.Build.0 = Debug|Any CPU
		{76056F30-03F0-47A7-8102-4E250CA9F90F}.Debug|ARM64.ActiveCfg = Debug|Any CPU
		{76056F30-03F0-47A7-8102-4E250CA9F90F}.Debug|ARM64.Build.0 = Debug|Any CPU
		{76056F30-03F0-47A7-8102-4E250CA9F90F}.Debug|x64.ActiveCfg = Debug|Any CPU
		{76056F30-03F0-47A7-8102-4E250CA9F90F}.Debug|x64.Build.0 = Debug|Any CPU
		{76056F30-03F0-47A7-8102-4E250CA9F90F}.Debug|x86.ActiveCfg = Debug|Any CPU
		{76056F30-03F0-47A7-8102-4E250CA9F90F}.Debug|x86.Build.0 = Debug|Any CPU
		{76056F30-03F0-47A7-8102-4E250CA9F90F}.Release|Any CPU.ActiveCfg = Release|Any CPU
		{76056F30-03F0-47A7-8102-4E250CA9F90F}.Release|Any CPU.Build.0 = Release|Any CPU
		{76056F30-03F0-47A7-8102-4E250CA9F90F}.Release|ARM.ActiveCfg = Release|Any CPU
		{76056F30-03F0-47A7-8102-4E250CA9F90F}.Release|ARM.Build.0 = Release|Any CPU
		{76056F30-03F0-47A7-8102-4E250CA9F90F}.Release|ARM64.ActiveCfg = Release|Any CPU
		{76056F30-03F0-47A7-8102-4E250CA9F90F}.Release|ARM64.Build.0 = Release|Any CPU
		{76056F30-03F0-47A7-8102-4E250CA9F90F}.Release|x64.ActiveCfg = Release|Any CPU
		{76056F30-03F0-47A7-8102-4E250CA9F90F}.Release|x64.Build.0 = Release|Any CPU
		{76056F30-03F0-47A7-8102-4E250CA9F90F}.Release|x86.ActiveCfg = Release|Any CPU
		{76056F30-03F0-47A7-8102-4E250CA9F90F}.Release|x86.Build.0 = Release|Any CPU
	EndGlobalSection
	GlobalSection(SolutionProperties) = preSolution
		HideSolutionNode = FALSE
	EndGlobalSection
	GlobalSection(NestedProjects) = preSolution
		{A1AD9AD2-2C7D-4897-B625-1D745724AFB1} = {CAE97083-BBE5-408C-8C3E-049AF1D88DFA}
		{3B7ED8DE-B6D7-4250-B772-D6CD1078A370} = {27137ADA-FE8C-413F-9A6C-FDBD87F2F371}
		{E9697DD4-0822-4509-8709-8ECFD555DE72} = {CFE565A4-DA40-4016-915C-4A85EC665FDE}
		{D300736A-AD18-4081-852F-4D0BFEF47EE5} = {CFE565A4-DA40-4016-915C-4A85EC665FDE}
		{76056F30-03F0-47A7-8102-4E250CA9F90F} = {CFE565A4-DA40-4016-915C-4A85EC665FDE}
	EndGlobalSection
	GlobalSection(ExtensibilityGlobals) = postSolution
		SolutionGuid = {7AE6DFAA-0B9A-4A27-857B-22C637AF5060}
	EndGlobalSection
EndGlobal
